
Microsoft Visual Studio Solution File, Format Version 12.00
# Visual Studio 2012
Project("{FAE04EC0-301F-11D3-BF4B-00C04F79EFBC}") = "Abo.Server.Domain", "Server\Abo.Server.Domain\Abo.Server.Domain.csproj", "{9BFC0690-D444-4AC9-86C7-C33BE28F8212}"
EndProject
Project("{2150E333-8FDC-42A3-9474-1A3956D46DE8}") = "Clients", "Clients", "{31D2EECE-D870-4146-9E0E-3931E5BB9C5B}"
EndProject
Project("{2150E333-8FDC-42A3-9474-1A3956D46DE8}") = "Server", "Server", "{822956B7-55A0-4690-BD81-F92FDD638F09}"
EndProject
Project("{2150E333-8FDC-42A3-9474-1A3956D46DE8}") = "Shared", "Shared", "{65BE0DB8-C0AF-4C6D-A570-3683ABDD5923}"
	ProjectSection(SolutionItems) = preProject
		Server\Abo.Server.Infrastructure\GlobalConfig.cs = Server\Abo.Server.Infrastructure\GlobalConfig.cs
		Clients\Abo.Client.Core\packages.config = Clients\Abo.Client.Core\packages.config
	EndProjectSection
EndProject
Project("{FAE04EC0-301F-11D3-BF4B-00C04F79EFBC}") = "Abo.Server.Infrastructure", "Server\Abo.Server.Infrastructure\Abo.Server.Infrastructure.csproj", "{FA4BEF7E-9220-4435-BC8B-F6868AD3E252}"
EndProject
Project("{FAE04EC0-301F-11D3-BF4B-00C04F79EFBC}") = "Abo.Server.Application", "Server\Abo.Server.Application\Abo.Server.Application.csproj", "{C6099ED1-33AF-4F0C-A9AC-01E1092D30D3}"
EndProject
Project("{2150E333-8FDC-42A3-9474-1A3956D46DE8}") = "WP", "WP", "{686F9FBC-104F-4586-9850-1415CD573F00}"
EndProject
Project("{2150E333-8FDC-42A3-9474-1A3956D46DE8}") = "IOS", "IOS", "{256F62FA-B91C-41AE-ADF5-A381D0A765FD}"
EndProject
Project("{FAE04EC0-301F-11D3-BF4B-00C04F79EFBC}") = "Abo.Server.ConsoleHost", "Server\Abo.Server.ConsoleHost\Abo.Server.ConsoleHost.csproj", "{046886A3-2182-4BCC-8E7C-1A78A5C856A1}"
EndProject
Project("{2150E333-8FDC-42A3-9474-1A3956D46DE8}") = "Tests", "Tests", "{87719219-E70E-4BA5-AB26-7A02EC44B457}"
EndProject
Project("{2150E333-8FDC-42A3-9474-1A3956D46DE8}") = "Server", "Server", "{4E7D3D18-A1E8-4954-9970-6FE1D77002BC}"
EndProject
Project("{2150E333-8FDC-42A3-9474-1A3956D46DE8}") = "Clients", "Clients", "{6715E65C-4D77-40A4-8DC9-943F0B67AFB2}"
EndProject
Project("{FAE04EC0-301F-11D3-BF4B-00C04F79EFBC}") = "Abo.Server.Application.Tests", "Tests\Server\Abo.Server.Application.Tests\Abo.Server.Application.Tests.csproj", "{73044954-668E-4135-8FB0-F536CB9E8746}"
EndProject
Project("{FAE04EC0-301F-11D3-BF4B-00C04F79EFBC}") = "Abo.Server.Application.DataTransferObjects", "Shared\Abo.Server.Application.DataTransferObjects\Abo.Server.Application.DataTransferObjects.csproj", "{B3FA38D2-EE74-4EEE-BE94-351A0FF3C057}"
EndProject
Project("{FAE04EC0-301F-11D3-BF4B-00C04F79EFBC}") = "Abo.Client.Core", "Clients\Abo.Client.Core\Abo.Client.Core.csproj", "{E3045B4B-AD52-4A5A-B068-6A6A8D23CD5C}"
EndProject
Project("{FAE04EC0-301F-11D3-BF4B-00C04F79EFBC}") = "Abo.Utils", "Shared\Abo.Utils\Abo.Utils.csproj", "{BE0BED22-5CAF-4B11-A3B8-2F9F86A059F4}"
EndProject
Project("{FAE04EC0-301F-11D3-BF4B-00C04F79EFBC}") = "Abo.Server.IntegrationTests", "Tests\Server\Abo.Server.IntegrationTests\Abo.Server.IntegrationTests.csproj", "{04CC4540-1B4A-4F96-A080-C21F16CCAE83}"
EndProject
Project("{FAE04EC0-301F-11D3-BF4B-00C04F79EFBC}") = "Abo.Server.Infrastructure.Protocol", "Shared\Abo.Server.Infrastructure.Protocol\Abo.Server.Infrastructure.Protocol.csproj", "{A0ABA262-9090-46C1-A283-8A926806587A}"
EndProject
Project("{FAE04EC0-301F-11D3-BF4B-00C04F79EFBC}") = "Abo.Server.Infrastructure.Tests", "Tests\Server\Abo.Server.Infrastructure.Tests\Abo.Server.Infrastructure.Tests.csproj", "{1A8768BF-DBFD-43E2-ABAE-ACC4A67FBF58}"
EndProject
Project("{FAE04EC0-301F-11D3-BF4B-00C04F79EFBC}") = "Abo.Client.Core.Tests", "Tests\Clients\Abo.Client.Core.Tests\Abo.Client.Core.Tests.csproj", "{D509AFC6-9EE7-4E8C-AF10-3C7F4C013B35}"
EndProject
Project("{2150E333-8FDC-42A3-9474-1A3956D46DE8}") = "Tools", "Tools", "{976353C3-3179-41DA-8977-6AB21021F0CE}"
EndProject
Project("{2150E333-8FDC-42A3-9474-1A3956D46DE8}") = "Android", "Android", "{FB3E7365-01E2-4F5C-8C21-06399B5A54B3}"
EndProject
Project("{FAE04EC0-301F-11D3-BF4B-00C04F79EFBC}") = "Abo.Client.Android", "Clients\Android\Abo.Client.Android\Abo.Client.Android.csproj", "{72B115B4-3EE8-49B5-8171-204DFE034EFE}"
EndProject
Project("{2150E333-8FDC-42A3-9474-1A3956D46DE8}") = "Win8", "Win8", "{1F7075C6-C53B-4D91-9E1F-09C0BE86EB0F}"
EndProject
Project("{FAE04EC0-301F-11D3-BF4B-00C04F79EFBC}") = "Abo.Client.WindowsPhone", "Clients\WP\Silverlight\Abo.Client.WindowsPhone\Abo.Client.WindowsPhone.csproj", "{0A0A4616-9BE1-4F25-9973-67DC25C0A2B4}"
EndProject
Global
	GlobalSection(SolutionConfigurationPlatforms) = preSolution
		Ad-Hoc|Any CPU = Ad-Hoc|Any CPU
		Ad-Hoc|ARM = Ad-Hoc|ARM
		Ad-Hoc|iPhone = Ad-Hoc|iPhone
		Ad-Hoc|iPhoneSimulator = Ad-Hoc|iPhoneSimulator
		Ad-Hoc|x86 = Ad-Hoc|x86
		AppStore|Any CPU = AppStore|Any CPU
		AppStore|ARM = AppStore|ARM
		AppStore|iPhone = AppStore|iPhone
		AppStore|iPhoneSimulator = AppStore|iPhoneSimulator
		AppStore|x86 = AppStore|x86
		Debug|Any CPU = Debug|Any CPU
		Debug|ARM = Debug|ARM
		Debug|iPhone = Debug|iPhone
		Debug|iPhoneSimulator = Debug|iPhoneSimulator
		Debug|x86 = Debug|x86
		Release|Any CPU = Release|Any CPU
		Release|ARM = Release|ARM
		Release|iPhone = Release|iPhone
		Release|iPhoneSimulator = Release|iPhoneSimulator
		Release|x86 = Release|x86
		Test|Any CPU = Test|Any CPU
		Test|ARM = Test|ARM
		Test|iPhone = Test|iPhone
		Test|iPhoneSimulator = Test|iPhoneSimulator
		Test|x86 = Test|x86
	EndGlobalSection
	GlobalSection(ProjectConfigurationPlatforms) = postSolution
		{9BFC0690-D444-4AC9-86C7-C33BE28F8212}.Ad-Hoc|Any CPU.ActiveCfg = Release|Any CPU
		{9BFC0690-D444-4AC9-86C7-C33BE28F8212}.Ad-Hoc|Any CPU.Build.0 = Release|Any CPU
		{9BFC0690-D444-4AC9-86C7-C33BE28F8212}.Ad-Hoc|ARM.ActiveCfg = Release|Any CPU
		{9BFC0690-D444-4AC9-86C7-C33BE28F8212}.Ad-Hoc|iPhone.ActiveCfg = Release|Any CPU
		{9BFC0690-D444-4AC9-86C7-C33BE28F8212}.Ad-Hoc|iPhoneSimulator.ActiveCfg = Release|Any CPU
		{9BFC0690-D444-4AC9-86C7-C33BE28F8212}.Ad-Hoc|x86.ActiveCfg = Release|Any CPU
		{9BFC0690-D444-4AC9-86C7-C33BE28F8212}.AppStore|Any CPU.ActiveCfg = Release|Any CPU
		{9BFC0690-D444-4AC9-86C7-C33BE28F8212}.AppStore|Any CPU.Build.0 = Release|Any CPU
		{9BFC0690-D444-4AC9-86C7-C33BE28F8212}.AppStore|ARM.ActiveCfg = Release|Any CPU
		{9BFC0690-D444-4AC9-86C7-C33BE28F8212}.AppStore|iPhone.ActiveCfg = Release|Any CPU
		{9BFC0690-D444-4AC9-86C7-C33BE28F8212}.AppStore|iPhoneSimulator.ActiveCfg = Release|Any CPU
		{9BFC0690-D444-4AC9-86C7-C33BE28F8212}.AppStore|x86.ActiveCfg = Release|Any CPU
		{9BFC0690-D444-4AC9-86C7-C33BE28F8212}.Debug|Any CPU.ActiveCfg = Debug|Any CPU
		{9BFC0690-D444-4AC9-86C7-C33BE28F8212}.Debug|Any CPU.Build.0 = Debug|Any CPU
		{9BFC0690-D444-4AC9-86C7-C33BE28F8212}.Debug|ARM.ActiveCfg = Debug|Any CPU
		{9BFC0690-D444-4AC9-86C7-C33BE28F8212}.Debug|iPhone.ActiveCfg = Debug|Any CPU
		{9BFC0690-D444-4AC9-86C7-C33BE28F8212}.Debug|iPhoneSimulator.ActiveCfg = Debug|Any CPU
		{9BFC0690-D444-4AC9-86C7-C33BE28F8212}.Debug|x86.ActiveCfg = Debug|Any CPU
		{9BFC0690-D444-4AC9-86C7-C33BE28F8212}.Release|Any CPU.ActiveCfg = Release|Any CPU
		{9BFC0690-D444-4AC9-86C7-C33BE28F8212}.Release|Any CPU.Build.0 = Release|Any CPU
		{9BFC0690-D444-4AC9-86C7-C33BE28F8212}.Release|ARM.ActiveCfg = Release|Any CPU
		{9BFC0690-D444-4AC9-86C7-C33BE28F8212}.Release|iPhone.ActiveCfg = Release|Any CPU
		{9BFC0690-D444-4AC9-86C7-C33BE28F8212}.Release|iPhoneSimulator.ActiveCfg = Release|Any CPU
		{9BFC0690-D444-4AC9-86C7-C33BE28F8212}.Release|x86.ActiveCfg = Release|Any CPU
		{9BFC0690-D444-4AC9-86C7-C33BE28F8212}.Test|Any CPU.ActiveCfg = Release|Any CPU
		{9BFC0690-D444-4AC9-86C7-C33BE28F8212}.Test|Any CPU.Build.0 = Release|Any CPU
		{9BFC0690-D444-4AC9-86C7-C33BE28F8212}.Test|ARM.ActiveCfg = Release|Any CPU
		{9BFC0690-D444-4AC9-86C7-C33BE28F8212}.Test|iPhone.ActiveCfg = Release|Any CPU
		{9BFC0690-D444-4AC9-86C7-C33BE28F8212}.Test|iPhoneSimulator.ActiveCfg = Release|Any CPU
		{9BFC0690-D444-4AC9-86C7-C33BE28F8212}.Test|x86.ActiveCfg = Release|Any CPU
		{FA4BEF7E-9220-4435-BC8B-F6868AD3E252}.Ad-Hoc|Any CPU.ActiveCfg = Release|Any CPU
		{FA4BEF7E-9220-4435-BC8B-F6868AD3E252}.Ad-Hoc|Any CPU.Build.0 = Release|Any CPU
		{FA4BEF7E-9220-4435-BC8B-F6868AD3E252}.Ad-Hoc|ARM.ActiveCfg = Release|Any CPU
		{FA4BEF7E-9220-4435-BC8B-F6868AD3E252}.Ad-Hoc|iPhone.ActiveCfg = Release|Any CPU
		{FA4BEF7E-9220-4435-BC8B-F6868AD3E252}.Ad-Hoc|iPhoneSimulator.ActiveCfg = Release|Any CPU
		{FA4BEF7E-9220-4435-BC8B-F6868AD3E252}.Ad-Hoc|x86.ActiveCfg = Release|Any CPU
		{FA4BEF7E-9220-4435-BC8B-F6868AD3E252}.AppStore|Any CPU.ActiveCfg = Release|Any CPU
		{FA4BEF7E-9220-4435-BC8B-F6868AD3E252}.AppStore|Any CPU.Build.0 = Release|Any CPU
		{FA4BEF7E-9220-4435-BC8B-F6868AD3E252}.AppStore|ARM.ActiveCfg = Release|Any CPU
		{FA4BEF7E-9220-4435-BC8B-F6868AD3E252}.AppStore|iPhone.ActiveCfg = Release|Any CPU
		{FA4BEF7E-9220-4435-BC8B-F6868AD3E252}.AppStore|iPhoneSimulator.ActiveCfg = Release|Any CPU
		{FA4BEF7E-9220-4435-BC8B-F6868AD3E252}.AppStore|x86.ActiveCfg = Release|Any CPU
		{FA4BEF7E-9220-4435-BC8B-F6868AD3E252}.Debug|Any CPU.ActiveCfg = Debug|Any CPU
		{FA4BEF7E-9220-4435-BC8B-F6868AD3E252}.Debug|Any CPU.Build.0 = Debug|Any CPU
		{FA4BEF7E-9220-4435-BC8B-F6868AD3E252}.Debug|ARM.ActiveCfg = Debug|Any CPU
		{FA4BEF7E-9220-4435-BC8B-F6868AD3E252}.Debug|iPhone.ActiveCfg = Debug|Any CPU
		{FA4BEF7E-9220-4435-BC8B-F6868AD3E252}.Debug|iPhoneSimulator.ActiveCfg = Debug|Any CPU
		{FA4BEF7E-9220-4435-BC8B-F6868AD3E252}.Debug|x86.ActiveCfg = Debug|Any CPU
		{FA4BEF7E-9220-4435-BC8B-F6868AD3E252}.Release|Any CPU.ActiveCfg = Release|Any CPU
		{FA4BEF7E-9220-4435-BC8B-F6868AD3E252}.Release|Any CPU.Build.0 = Release|Any CPU
		{FA4BEF7E-9220-4435-BC8B-F6868AD3E252}.Release|ARM.ActiveCfg = Release|Any CPU
		{FA4BEF7E-9220-4435-BC8B-F6868AD3E252}.Release|iPhone.ActiveCfg = Release|Any CPU
		{FA4BEF7E-9220-4435-BC8B-F6868AD3E252}.Release|iPhoneSimulator.ActiveCfg = Release|Any CPU
		{FA4BEF7E-9220-4435-BC8B-F6868AD3E252}.Release|x86.ActiveCfg = Release|Any CPU
		{FA4BEF7E-9220-4435-BC8B-F6868AD3E252}.Test|Any CPU.ActiveCfg = Release|Any CPU
		{FA4BEF7E-9220-4435-BC8B-F6868AD3E252}.Test|Any CPU.Build.0 = Release|Any CPU
		{FA4BEF7E-9220-4435-BC8B-F6868AD3E252}.Test|ARM.ActiveCfg = Release|Any CPU
		{FA4BEF7E-9220-4435-BC8B-F6868AD3E252}.Test|iPhone.ActiveCfg = Release|Any CPU
		{FA4BEF7E-9220-4435-BC8B-F6868AD3E252}.Test|iPhoneSimulator.ActiveCfg = Release|Any CPU
		{FA4BEF7E-9220-4435-BC8B-F6868AD3E252}.Test|x86.ActiveCfg = Release|Any CPU
		{C6099ED1-33AF-4F0C-A9AC-01E1092D30D3}.Ad-Hoc|Any CPU.ActiveCfg = Release|Any CPU
		{C6099ED1-33AF-4F0C-A9AC-01E1092D30D3}.Ad-Hoc|Any CPU.Build.0 = Release|Any CPU
		{C6099ED1-33AF-4F0C-A9AC-01E1092D30D3}.Ad-Hoc|ARM.ActiveCfg = Release|Any CPU
		{C6099ED1-33AF-4F0C-A9AC-01E1092D30D3}.Ad-Hoc|iPhone.ActiveCfg = Release|Any CPU
		{C6099ED1-33AF-4F0C-A9AC-01E1092D30D3}.Ad-Hoc|iPhoneSimulator.ActiveCfg = Release|Any CPU
		{C6099ED1-33AF-4F0C-A9AC-01E1092D30D3}.Ad-Hoc|x86.ActiveCfg = Release|Any CPU
		{C6099ED1-33AF-4F0C-A9AC-01E1092D30D3}.AppStore|Any CPU.ActiveCfg = Release|Any CPU
		{C6099ED1-33AF-4F0C-A9AC-01E1092D30D3}.AppStore|Any CPU.Build.0 = Release|Any CPU
		{C6099ED1-33AF-4F0C-A9AC-01E1092D30D3}.AppStore|ARM.ActiveCfg = Release|Any CPU
		{C6099ED1-33AF-4F0C-A9AC-01E1092D30D3}.AppStore|iPhone.ActiveCfg = Release|Any CPU
		{C6099ED1-33AF-4F0C-A9AC-01E1092D30D3}.AppStore|iPhoneSimulator.ActiveCfg = Release|Any CPU
		{C6099ED1-33AF-4F0C-A9AC-01E1092D30D3}.AppStore|x86.ActiveCfg = Release|Any CPU
		{C6099ED1-33AF-4F0C-A9AC-01E1092D30D3}.Debug|Any CPU.ActiveCfg = Debug|Any CPU
		{C6099ED1-33AF-4F0C-A9AC-01E1092D30D3}.Debug|Any CPU.Build.0 = Debug|Any CPU
		{C6099ED1-33AF-4F0C-A9AC-01E1092D30D3}.Debug|ARM.ActiveCfg = Debug|Any CPU
		{C6099ED1-33AF-4F0C-A9AC-01E1092D30D3}.Debug|iPhone.ActiveCfg = Debug|Any CPU
		{C6099ED1-33AF-4F0C-A9AC-01E1092D30D3}.Debug|iPhoneSimulator.ActiveCfg = Debug|Any CPU
		{C6099ED1-33AF-4F0C-A9AC-01E1092D30D3}.Debug|x86.ActiveCfg = Debug|Any CPU
		{C6099ED1-33AF-4F0C-A9AC-01E1092D30D3}.Release|Any CPU.ActiveCfg = Release|Any CPU
		{C6099ED1-33AF-4F0C-A9AC-01E1092D30D3}.Release|Any CPU.Build.0 = Release|Any CPU
		{C6099ED1-33AF-4F0C-A9AC-01E1092D30D3}.Release|ARM.ActiveCfg = Release|Any CPU
		{C6099ED1-33AF-4F0C-A9AC-01E1092D30D3}.Release|iPhone.ActiveCfg = Release|Any CPU
		{C6099ED1-33AF-4F0C-A9AC-01E1092D30D3}.Release|iPhoneSimulator.ActiveCfg = Release|Any CPU
		{C6099ED1-33AF-4F0C-A9AC-01E1092D30D3}.Release|x86.ActiveCfg = Release|Any CPU
		{C6099ED1-33AF-4F0C-A9AC-01E1092D30D3}.Test|Any CPU.ActiveCfg = Release|Any CPU
		{C6099ED1-33AF-4F0C-A9AC-01E1092D30D3}.Test|Any CPU.Build.0 = Release|Any CPU
		{C6099ED1-33AF-4F0C-A9AC-01E1092D30D3}.Test|ARM.ActiveCfg = Release|Any CPU
		{C6099ED1-33AF-4F0C-A9AC-01E1092D30D3}.Test|iPhone.ActiveCfg = Release|Any CPU
		{C6099ED1-33AF-4F0C-A9AC-01E1092D30D3}.Test|iPhoneSimulator.ActiveCfg = Release|Any CPU
		{C6099ED1-33AF-4F0C-A9AC-01E1092D30D3}.Test|x86.ActiveCfg = Release|Any CPU
		{046886A3-2182-4BCC-8E7C-1A78A5C856A1}.Ad-Hoc|Any CPU.ActiveCfg = Release|Any CPU
		{046886A3-2182-4BCC-8E7C-1A78A5C856A1}.Ad-Hoc|Any CPU.Build.0 = Release|Any CPU
		{046886A3-2182-4BCC-8E7C-1A78A5C856A1}.Ad-Hoc|ARM.ActiveCfg = Release|Any CPU
		{046886A3-2182-4BCC-8E7C-1A78A5C856A1}.Ad-Hoc|iPhone.ActiveCfg = Release|Any CPU
		{046886A3-2182-4BCC-8E7C-1A78A5C856A1}.Ad-Hoc|iPhoneSimulator.ActiveCfg = Release|Any CPU
		{046886A3-2182-4BCC-8E7C-1A78A5C856A1}.Ad-Hoc|x86.ActiveCfg = Release|Any CPU
		{046886A3-2182-4BCC-8E7C-1A78A5C856A1}.AppStore|Any CPU.ActiveCfg = Release|Any CPU
		{046886A3-2182-4BCC-8E7C-1A78A5C856A1}.AppStore|Any CPU.Build.0 = Release|Any CPU
		{046886A3-2182-4BCC-8E7C-1A78A5C856A1}.AppStore|ARM.ActiveCfg = Release|Any CPU
		{046886A3-2182-4BCC-8E7C-1A78A5C856A1}.AppStore|iPhone.ActiveCfg = Release|Any CPU
		{046886A3-2182-4BCC-8E7C-1A78A5C856A1}.AppStore|iPhoneSimulator.ActiveCfg = Release|Any CPU
		{046886A3-2182-4BCC-8E7C-1A78A5C856A1}.AppStore|x86.ActiveCfg = Release|Any CPU
		{046886A3-2182-4BCC-8E7C-1A78A5C856A1}.Debug|Any CPU.ActiveCfg = Debug|Any CPU
		{046886A3-2182-4BCC-8E7C-1A78A5C856A1}.Debug|Any CPU.Build.0 = Debug|Any CPU
		{046886A3-2182-4BCC-8E7C-1A78A5C856A1}.Debug|ARM.ActiveCfg = Debug|Any CPU
		{046886A3-2182-4BCC-8E7C-1A78A5C856A1}.Debug|iPhone.ActiveCfg = Debug|Any CPU
		{046886A3-2182-4BCC-8E7C-1A78A5C856A1}.Debug|iPhoneSimulator.ActiveCfg = Debug|Any CPU
		{046886A3-2182-4BCC-8E7C-1A78A5C856A1}.Debug|x86.ActiveCfg = Debug|Any CPU
		{046886A3-2182-4BCC-8E7C-1A78A5C856A1}.Release|Any CPU.ActiveCfg = Release|Any CPU
		{046886A3-2182-4BCC-8E7C-1A78A5C856A1}.Release|Any CPU.Build.0 = Release|Any CPU
		{046886A3-2182-4BCC-8E7C-1A78A5C856A1}.Release|ARM.ActiveCfg = Release|Any CPU
		{046886A3-2182-4BCC-8E7C-1A78A5C856A1}.Release|iPhone.ActiveCfg = Release|Any CPU
		{046886A3-2182-4BCC-8E7C-1A78A5C856A1}.Release|iPhoneSimulator.ActiveCfg = Release|Any CPU
		{046886A3-2182-4BCC-8E7C-1A78A5C856A1}.Release|x86.ActiveCfg = Release|Any CPU
		{046886A3-2182-4BCC-8E7C-1A78A5C856A1}.Test|Any CPU.ActiveCfg = Release|Any CPU
		{046886A3-2182-4BCC-8E7C-1A78A5C856A1}.Test|Any CPU.Build.0 = Release|Any CPU
		{046886A3-2182-4BCC-8E7C-1A78A5C856A1}.Test|ARM.ActiveCfg = Release|Any CPU
		{046886A3-2182-4BCC-8E7C-1A78A5C856A1}.Test|iPhone.ActiveCfg = Release|Any CPU
		{046886A3-2182-4BCC-8E7C-1A78A5C856A1}.Test|iPhoneSimulator.ActiveCfg = Release|Any CPU
		{046886A3-2182-4BCC-8E7C-1A78A5C856A1}.Test|x86.ActiveCfg = Release|Any CPU
		{73044954-668E-4135-8FB0-F536CB9E8746}.Ad-Hoc|Any CPU.ActiveCfg = Release|Any CPU
		{73044954-668E-4135-8FB0-F536CB9E8746}.Ad-Hoc|Any CPU.Build.0 = Release|Any CPU
		{73044954-668E-4135-8FB0-F536CB9E8746}.Ad-Hoc|ARM.ActiveCfg = Release|Any CPU
		{73044954-668E-4135-8FB0-F536CB9E8746}.Ad-Hoc|iPhone.ActiveCfg = Release|Any CPU
		{73044954-668E-4135-8FB0-F536CB9E8746}.Ad-Hoc|iPhoneSimulator.ActiveCfg = Release|Any CPU
		{73044954-668E-4135-8FB0-F536CB9E8746}.Ad-Hoc|x86.ActiveCfg = Release|Any CPU
		{73044954-668E-4135-8FB0-F536CB9E8746}.AppStore|Any CPU.ActiveCfg = Release|Any CPU
		{73044954-668E-4135-8FB0-F536CB9E8746}.AppStore|Any CPU.Build.0 = Release|Any CPU
		{73044954-668E-4135-8FB0-F536CB9E8746}.AppStore|ARM.ActiveCfg = Release|Any CPU
		{73044954-668E-4135-8FB0-F536CB9E8746}.AppStore|iPhone.ActiveCfg = Release|Any CPU
		{73044954-668E-4135-8FB0-F536CB9E8746}.AppStore|iPhoneSimulator.ActiveCfg = Release|Any CPU
		{73044954-668E-4135-8FB0-F536CB9E8746}.AppStore|x86.ActiveCfg = Release|Any CPU
		{73044954-668E-4135-8FB0-F536CB9E8746}.Debug|Any CPU.ActiveCfg = Debug|Any CPU
		{73044954-668E-4135-8FB0-F536CB9E8746}.Debug|Any CPU.Build.0 = Debug|Any CPU
		{73044954-668E-4135-8FB0-F536CB9E8746}.Debug|ARM.ActiveCfg = Debug|Any CPU
		{73044954-668E-4135-8FB0-F536CB9E8746}.Debug|iPhone.ActiveCfg = Debug|Any CPU
		{73044954-668E-4135-8FB0-F536CB9E8746}.Debug|iPhoneSimulator.ActiveCfg = Debug|Any CPU
		{73044954-668E-4135-8FB0-F536CB9E8746}.Debug|x86.ActiveCfg = Debug|Any CPU
		{73044954-668E-4135-8FB0-F536CB9E8746}.Release|Any CPU.ActiveCfg = Release|Any CPU
		{73044954-668E-4135-8FB0-F536CB9E8746}.Release|Any CPU.Build.0 = Release|Any CPU
		{73044954-668E-4135-8FB0-F536CB9E8746}.Release|ARM.ActiveCfg = Release|Any CPU
		{73044954-668E-4135-8FB0-F536CB9E8746}.Release|iPhone.ActiveCfg = Release|Any CPU
		{73044954-668E-4135-8FB0-F536CB9E8746}.Release|iPhoneSimulator.ActiveCfg = Release|Any CPU
		{73044954-668E-4135-8FB0-F536CB9E8746}.Release|x86.ActiveCfg = Release|Any CPU
		{73044954-668E-4135-8FB0-F536CB9E8746}.Test|Any CPU.ActiveCfg = Release|Any CPU
		{73044954-668E-4135-8FB0-F536CB9E8746}.Test|Any CPU.Build.0 = Release|Any CPU
		{73044954-668E-4135-8FB0-F536CB9E8746}.Test|ARM.ActiveCfg = Release|Any CPU
		{73044954-668E-4135-8FB0-F536CB9E8746}.Test|iPhone.ActiveCfg = Release|Any CPU
		{73044954-668E-4135-8FB0-F536CB9E8746}.Test|iPhoneSimulator.ActiveCfg = Release|Any CPU
		{73044954-668E-4135-8FB0-F536CB9E8746}.Test|x86.ActiveCfg = Release|Any CPU
		{B3FA38D2-EE74-4EEE-BE94-351A0FF3C057}.Ad-Hoc|Any CPU.ActiveCfg = Release|Any CPU
		{B3FA38D2-EE74-4EEE-BE94-351A0FF3C057}.Ad-Hoc|Any CPU.Build.0 = Release|Any CPU
		{B3FA38D2-EE74-4EEE-BE94-351A0FF3C057}.Ad-Hoc|ARM.ActiveCfg = Release|Any CPU
		{B3FA38D2-EE74-4EEE-BE94-351A0FF3C057}.Ad-Hoc|iPhone.ActiveCfg = Release|Any CPU
		{B3FA38D2-EE74-4EEE-BE94-351A0FF3C057}.Ad-Hoc|iPhoneSimulator.ActiveCfg = Release|Any CPU
		{B3FA38D2-EE74-4EEE-BE94-351A0FF3C057}.Ad-Hoc|x86.ActiveCfg = Release|Any CPU
		{B3FA38D2-EE74-4EEE-BE94-351A0FF3C057}.AppStore|Any CPU.ActiveCfg = Release|Any CPU
		{B3FA38D2-EE74-4EEE-BE94-351A0FF3C057}.AppStore|Any CPU.Build.0 = Release|Any CPU
		{B3FA38D2-EE74-4EEE-BE94-351A0FF3C057}.AppStore|ARM.ActiveCfg = Release|Any CPU
		{B3FA38D2-EE74-4EEE-BE94-351A0FF3C057}.AppStore|iPhone.ActiveCfg = Release|Any CPU
		{B3FA38D2-EE74-4EEE-BE94-351A0FF3C057}.AppStore|iPhoneSimulator.ActiveCfg = Release|Any CPU
		{B3FA38D2-EE74-4EEE-BE94-351A0FF3C057}.AppStore|x86.ActiveCfg = Release|Any CPU
		{B3FA38D2-EE74-4EEE-BE94-351A0FF3C057}.Debug|Any CPU.ActiveCfg = Debug|Any CPU
		{B3FA38D2-EE74-4EEE-BE94-351A0FF3C057}.Debug|Any CPU.Build.0 = Debug|Any CPU
		{B3FA38D2-EE74-4EEE-BE94-351A0FF3C057}.Debug|ARM.ActiveCfg = Debug|Any CPU
		{B3FA38D2-EE74-4EEE-BE94-351A0FF3C057}.Debug|iPhone.ActiveCfg = Debug|Any CPU
		{B3FA38D2-EE74-4EEE-BE94-351A0FF3C057}.Debug|iPhoneSimulator.ActiveCfg = Debug|Any CPU
		{B3FA38D2-EE74-4EEE-BE94-351A0FF3C057}.Debug|x86.ActiveCfg = Debug|Any CPU
		{B3FA38D2-EE74-4EEE-BE94-351A0FF3C057}.Release|Any CPU.ActiveCfg = Release|Any CPU
		{B3FA38D2-EE74-4EEE-BE94-351A0FF3C057}.Release|Any CPU.Build.0 = Release|Any CPU
		{B3FA38D2-EE74-4EEE-BE94-351A0FF3C057}.Release|ARM.ActiveCfg = Release|Any CPU
		{B3FA38D2-EE74-4EEE-BE94-351A0FF3C057}.Release|iPhone.ActiveCfg = Release|Any CPU
		{B3FA38D2-EE74-4EEE-BE94-351A0FF3C057}.Release|iPhoneSimulator.ActiveCfg = Release|Any CPU
		{B3FA38D2-EE74-4EEE-BE94-351A0FF3C057}.Release|x86.ActiveCfg = Release|Any CPU
		{B3FA38D2-EE74-4EEE-BE94-351A0FF3C057}.Test|Any CPU.ActiveCfg = Release|Any CPU
		{B3FA38D2-EE74-4EEE-BE94-351A0FF3C057}.Test|Any CPU.Build.0 = Release|Any CPU
		{B3FA38D2-EE74-4EEE-BE94-351A0FF3C057}.Test|ARM.ActiveCfg = Release|Any CPU
		{B3FA38D2-EE74-4EEE-BE94-351A0FF3C057}.Test|iPhone.ActiveCfg = Release|Any CPU
		{B3FA38D2-EE74-4EEE-BE94-351A0FF3C057}.Test|iPhoneSimulator.ActiveCfg = Release|Any CPU
		{B3FA38D2-EE74-4EEE-BE94-351A0FF3C057}.Test|x86.ActiveCfg = Release|Any CPU
		{E3045B4B-AD52-4A5A-B068-6A6A8D23CD5C}.Ad-Hoc|Any CPU.ActiveCfg = Release|Any CPU
		{E3045B4B-AD52-4A5A-B068-6A6A8D23CD5C}.Ad-Hoc|Any CPU.Build.0 = Release|Any CPU
		{E3045B4B-AD52-4A5A-B068-6A6A8D23CD5C}.Ad-Hoc|ARM.ActiveCfg = Release|Any CPU
		{E3045B4B-AD52-4A5A-B068-6A6A8D23CD5C}.Ad-Hoc|iPhone.ActiveCfg = Release|Any CPU
		{E3045B4B-AD52-4A5A-B068-6A6A8D23CD5C}.Ad-Hoc|iPhoneSimulator.ActiveCfg = Release|Any CPU
		{E3045B4B-AD52-4A5A-B068-6A6A8D23CD5C}.Ad-Hoc|x86.ActiveCfg = Release|Any CPU
		{E3045B4B-AD52-4A5A-B068-6A6A8D23CD5C}.AppStore|Any CPU.ActiveCfg = Release|Any CPU
		{E3045B4B-AD52-4A5A-B068-6A6A8D23CD5C}.AppStore|Any CPU.Build.0 = Release|Any CPU
		{E3045B4B-AD52-4A5A-B068-6A6A8D23CD5C}.AppStore|ARM.ActiveCfg = Release|Any CPU
		{E3045B4B-AD52-4A5A-B068-6A6A8D23CD5C}.AppStore|iPhone.ActiveCfg = Release|Any CPU
		{E3045B4B-AD52-4A5A-B068-6A6A8D23CD5C}.AppStore|iPhoneSimulator.ActiveCfg = Release|Any CPU
		{E3045B4B-AD52-4A5A-B068-6A6A8D23CD5C}.AppStore|x86.ActiveCfg = Release|Any CPU
		{E3045B4B-AD52-4A5A-B068-6A6A8D23CD5C}.Debug|Any CPU.ActiveCfg = Debug|Any CPU
		{E3045B4B-AD52-4A5A-B068-6A6A8D23CD5C}.Debug|Any CPU.Build.0 = Debug|Any CPU
		{E3045B4B-AD52-4A5A-B068-6A6A8D23CD5C}.Debug|ARM.ActiveCfg = Debug|Any CPU
		{E3045B4B-AD52-4A5A-B068-6A6A8D23CD5C}.Debug|iPhone.ActiveCfg = Debug|Any CPU
		{E3045B4B-AD52-4A5A-B068-6A6A8D23CD5C}.Debug|iPhoneSimulator.ActiveCfg = Debug|Any CPU
		{E3045B4B-AD52-4A5A-B068-6A6A8D23CD5C}.Debug|x86.ActiveCfg = Debug|Any CPU
		{E3045B4B-AD52-4A5A-B068-6A6A8D23CD5C}.Release|Any CPU.ActiveCfg = Release|Any CPU
		{E3045B4B-AD52-4A5A-B068-6A6A8D23CD5C}.Release|Any CPU.Build.0 = Release|Any CPU
		{E3045B4B-AD52-4A5A-B068-6A6A8D23CD5C}.Release|ARM.ActiveCfg = Release|Any CPU
		{E3045B4B-AD52-4A5A-B068-6A6A8D23CD5C}.Release|iPhone.ActiveCfg = Release|Any CPU
		{E3045B4B-AD52-4A5A-B068-6A6A8D23CD5C}.Release|iPhoneSimulator.ActiveCfg = Release|Any CPU
		{E3045B4B-AD52-4A5A-B068-6A6A8D23CD5C}.Release|x86.ActiveCfg = Release|Any CPU
		{E3045B4B-AD52-4A5A-B068-6A6A8D23CD5C}.Test|Any CPU.ActiveCfg = Release|Any CPU
		{E3045B4B-AD52-4A5A-B068-6A6A8D23CD5C}.Test|Any CPU.Build.0 = Release|Any CPU
		{E3045B4B-AD52-4A5A-B068-6A6A8D23CD5C}.Test|ARM.ActiveCfg = Release|Any CPU
		{E3045B4B-AD52-4A5A-B068-6A6A8D23CD5C}.Test|iPhone.ActiveCfg = Release|Any CPU
		{E3045B4B-AD52-4A5A-B068-6A6A8D23CD5C}.Test|iPhoneSimulator.ActiveCfg = Release|Any CPU
		{E3045B4B-AD52-4A5A-B068-6A6A8D23CD5C}.Test|x86.ActiveCfg = Release|Any CPU
		{BE0BED22-5CAF-4B11-A3B8-2F9F86A059F4}.Ad-Hoc|Any CPU.ActiveCfg = Release|Any CPU
		{BE0BED22-5CAF-4B11-A3B8-2F9F86A059F4}.Ad-Hoc|Any CPU.Build.0 = Release|Any CPU
		{BE0BED22-5CAF-4B11-A3B8-2F9F86A059F4}.Ad-Hoc|ARM.ActiveCfg = Release|Any CPU
		{BE0BED22-5CAF-4B11-A3B8-2F9F86A059F4}.Ad-Hoc|iPhone.ActiveCfg = Release|Any CPU
		{BE0BED22-5CAF-4B11-A3B8-2F9F86A059F4}.Ad-Hoc|iPhoneSimulator.ActiveCfg = Release|Any CPU
		{BE0BED22-5CAF-4B11-A3B8-2F9F86A059F4}.Ad-Hoc|x86.ActiveCfg = Release|Any CPU
		{BE0BED22-5CAF-4B11-A3B8-2F9F86A059F4}.AppStore|Any CPU.ActiveCfg = Release|Any CPU
		{BE0BED22-5CAF-4B11-A3B8-2F9F86A059F4}.AppStore|Any CPU.Build.0 = Release|Any CPU
		{BE0BED22-5CAF-4B11-A3B8-2F9F86A059F4}.AppStore|ARM.ActiveCfg = Release|Any CPU
		{BE0BED22-5CAF-4B11-A3B8-2F9F86A059F4}.AppStore|iPhone.ActiveCfg = Release|Any CPU
		{BE0BED22-5CAF-4B11-A3B8-2F9F86A059F4}.AppStore|iPhoneSimulator.ActiveCfg = Release|Any CPU
		{BE0BED22-5CAF-4B11-A3B8-2F9F86A059F4}.AppStore|x86.ActiveCfg = Release|Any CPU
		{BE0BED22-5CAF-4B11-A3B8-2F9F86A059F4}.Debug|Any CPU.ActiveCfg = Debug|Any CPU
		{BE0BED22-5CAF-4B11-A3B8-2F9F86A059F4}.Debug|Any CPU.Build.0 = Debug|Any CPU
		{BE0BED22-5CAF-4B11-A3B8-2F9F86A059F4}.Debug|ARM.ActiveCfg = Debug|Any CPU
		{BE0BED22-5CAF-4B11-A3B8-2F9F86A059F4}.Debug|iPhone.ActiveCfg = Debug|Any CPU
		{BE0BED22-5CAF-4B11-A3B8-2F9F86A059F4}.Debug|iPhoneSimulator.ActiveCfg = Debug|Any CPU
		{BE0BED22-5CAF-4B11-A3B8-2F9F86A059F4}.Debug|x86.ActiveCfg = Debug|Any CPU
		{BE0BED22-5CAF-4B11-A3B8-2F9F86A059F4}.Release|Any CPU.ActiveCfg = Release|Any CPU
		{BE0BED22-5CAF-4B11-A3B8-2F9F86A059F4}.Release|Any CPU.Build.0 = Release|Any CPU
		{BE0BED22-5CAF-4B11-A3B8-2F9F86A059F4}.Release|ARM.ActiveCfg = Release|Any CPU
		{BE0BED22-5CAF-4B11-A3B8-2F9F86A059F4}.Release|iPhone.ActiveCfg = Release|Any CPU
		{BE0BED22-5CAF-4B11-A3B8-2F9F86A059F4}.Release|iPhoneSimulator.ActiveCfg = Release|Any CPU
		{BE0BED22-5CAF-4B11-A3B8-2F9F86A059F4}.Release|x86.ActiveCfg = Release|Any CPU
		{BE0BED22-5CAF-4B11-A3B8-2F9F86A059F4}.Test|Any CPU.ActiveCfg = Release|Any CPU
		{BE0BED22-5CAF-4B11-A3B8-2F9F86A059F4}.Test|Any CPU.Build.0 = Release|Any CPU
		{BE0BED22-5CAF-4B11-A3B8-2F9F86A059F4}.Test|ARM.ActiveCfg = Release|Any CPU
		{BE0BED22-5CAF-4B11-A3B8-2F9F86A059F4}.Test|iPhone.ActiveCfg = Release|Any CPU
		{BE0BED22-5CAF-4B11-A3B8-2F9F86A059F4}.Test|iPhoneSimulator.ActiveCfg = Release|Any CPU
		{BE0BED22-5CAF-4B11-A3B8-2F9F86A059F4}.Test|x86.ActiveCfg = Release|Any CPU
		{04CC4540-1B4A-4F96-A080-C21F16CCAE83}.Ad-Hoc|Any CPU.ActiveCfg = Release|Any CPU
		{04CC4540-1B4A-4F96-A080-C21F16CCAE83}.Ad-Hoc|Any CPU.Build.0 = Release|Any CPU
		{04CC4540-1B4A-4F96-A080-C21F16CCAE83}.Ad-Hoc|ARM.ActiveCfg = Release|Any CPU
		{04CC4540-1B4A-4F96-A080-C21F16CCAE83}.Ad-Hoc|iPhone.ActiveCfg = Release|Any CPU
		{04CC4540-1B4A-4F96-A080-C21F16CCAE83}.Ad-Hoc|iPhoneSimulator.ActiveCfg = Release|Any CPU
		{04CC4540-1B4A-4F96-A080-C21F16CCAE83}.Ad-Hoc|x86.ActiveCfg = Release|Any CPU
		{04CC4540-1B4A-4F96-A080-C21F16CCAE83}.AppStore|Any CPU.ActiveCfg = Release|Any CPU
		{04CC4540-1B4A-4F96-A080-C21F16CCAE83}.AppStore|Any CPU.Build.0 = Release|Any CPU
		{04CC4540-1B4A-4F96-A080-C21F16CCAE83}.AppStore|ARM.ActiveCfg = Release|Any CPU
		{04CC4540-1B4A-4F96-A080-C21F16CCAE83}.AppStore|iPhone.ActiveCfg = Release|Any CPU
		{04CC4540-1B4A-4F96-A080-C21F16CCAE83}.AppStore|iPhoneSimulator.ActiveCfg = Release|Any CPU
		{04CC4540-1B4A-4F96-A080-C21F16CCAE83}.AppStore|x86.ActiveCfg = Release|Any CPU
		{04CC4540-1B4A-4F96-A080-C21F16CCAE83}.Debug|Any CPU.ActiveCfg = Debug|Any CPU
		{04CC4540-1B4A-4F96-A080-C21F16CCAE83}.Debug|Any CPU.Build.0 = Debug|Any CPU
		{04CC4540-1B4A-4F96-A080-C21F16CCAE83}.Debug|ARM.ActiveCfg = Debug|Any CPU
		{04CC4540-1B4A-4F96-A080-C21F16CCAE83}.Debug|iPhone.ActiveCfg = Debug|Any CPU
		{04CC4540-1B4A-4F96-A080-C21F16CCAE83}.Debug|iPhoneSimulator.ActiveCfg = Debug|Any CPU
		{04CC4540-1B4A-4F96-A080-C21F16CCAE83}.Debug|x86.ActiveCfg = Debug|Any CPU
		{04CC4540-1B4A-4F96-A080-C21F16CCAE83}.Release|Any CPU.ActiveCfg = Release|Any CPU
		{04CC4540-1B4A-4F96-A080-C21F16CCAE83}.Release|Any CPU.Build.0 = Release|Any CPU
		{04CC4540-1B4A-4F96-A080-C21F16CCAE83}.Release|ARM.ActiveCfg = Release|Any CPU
		{04CC4540-1B4A-4F96-A080-C21F16CCAE83}.Release|iPhone.ActiveCfg = Release|Any CPU
		{04CC4540-1B4A-4F96-A080-C21F16CCAE83}.Release|iPhoneSimulator.ActiveCfg = Release|Any CPU
		{04CC4540-1B4A-4F96-A080-C21F16CCAE83}.Release|x86.ActiveCfg = Release|Any CPU
		{04CC4540-1B4A-4F96-A080-C21F16CCAE83}.Test|Any CPU.ActiveCfg = Release|Any CPU
		{04CC4540-1B4A-4F96-A080-C21F16CCAE83}.Test|Any CPU.Build.0 = Release|Any CPU
		{04CC4540-1B4A-4F96-A080-C21F16CCAE83}.Test|ARM.ActiveCfg = Release|Any CPU
		{04CC4540-1B4A-4F96-A080-C21F16CCAE83}.Test|iPhone.ActiveCfg = Release|Any CPU
		{04CC4540-1B4A-4F96-A080-C21F16CCAE83}.Test|iPhoneSimulator.ActiveCfg = Release|Any CPU
		{04CC4540-1B4A-4F96-A080-C21F16CCAE83}.Test|x86.ActiveCfg = Release|Any CPU
		{A0ABA262-9090-46C1-A283-8A926806587A}.Ad-Hoc|Any CPU.ActiveCfg = Release|Any CPU
		{A0ABA262-9090-46C1-A283-8A926806587A}.Ad-Hoc|Any CPU.Build.0 = Release|Any CPU
		{A0ABA262-9090-46C1-A283-8A926806587A}.Ad-Hoc|ARM.ActiveCfg = Release|Any CPU
		{A0ABA262-9090-46C1-A283-8A926806587A}.Ad-Hoc|iPhone.ActiveCfg = Release|Any CPU
		{A0ABA262-9090-46C1-A283-8A926806587A}.Ad-Hoc|iPhoneSimulator.ActiveCfg = Release|Any CPU
		{A0ABA262-9090-46C1-A283-8A926806587A}.Ad-Hoc|x86.ActiveCfg = Release|Any CPU
		{A0ABA262-9090-46C1-A283-8A926806587A}.AppStore|Any CPU.ActiveCfg = Release|Any CPU
		{A0ABA262-9090-46C1-A283-8A926806587A}.AppStore|Any CPU.Build.0 = Release|Any CPU
		{A0ABA262-9090-46C1-A283-8A926806587A}.AppStore|ARM.ActiveCfg = Release|Any CPU
		{A0ABA262-9090-46C1-A283-8A926806587A}.AppStore|iPhone.ActiveCfg = Release|Any CPU
		{A0ABA262-9090-46C1-A283-8A926806587A}.AppStore|iPhoneSimulator.ActiveCfg = Release|Any CPU
		{A0ABA262-9090-46C1-A283-8A926806587A}.AppStore|x86.ActiveCfg = Release|Any CPU
		{A0ABA262-9090-46C1-A283-8A926806587A}.Debug|Any CPU.ActiveCfg = Debug|Any CPU
		{A0ABA262-9090-46C1-A283-8A926806587A}.Debug|Any CPU.Build.0 = Debug|Any CPU
		{A0ABA262-9090-46C1-A283-8A926806587A}.Debug|ARM.ActiveCfg = Debug|Any CPU
		{A0ABA262-9090-46C1-A283-8A926806587A}.Debug|iPhone.ActiveCfg = Debug|Any CPU
		{A0ABA262-9090-46C1-A283-8A926806587A}.Debug|iPhoneSimulator.ActiveCfg = Debug|Any CPU
		{A0ABA262-9090-46C1-A283-8A926806587A}.Debug|x86.ActiveCfg = Debug|Any CPU
		{A0ABA262-9090-46C1-A283-8A926806587A}.Release|Any CPU.ActiveCfg = Release|Any CPU
		{A0ABA262-9090-46C1-A283-8A926806587A}.Release|Any CPU.Build.0 = Release|Any CPU
		{A0ABA262-9090-46C1-A283-8A926806587A}.Release|ARM.ActiveCfg = Release|Any CPU
		{A0ABA262-9090-46C1-A283-8A926806587A}.Release|iPhone.ActiveCfg = Release|Any CPU
		{A0ABA262-9090-46C1-A283-8A926806587A}.Release|iPhoneSimulator.ActiveCfg = Release|Any CPU
		{A0ABA262-9090-46C1-A283-8A926806587A}.Release|x86.ActiveCfg = Release|Any CPU
		{A0ABA262-9090-46C1-A283-8A926806587A}.Test|Any CPU.ActiveCfg = Release|Any CPU
		{A0ABA262-9090-46C1-A283-8A926806587A}.Test|Any CPU.Build.0 = Release|Any CPU
		{A0ABA262-9090-46C1-A283-8A926806587A}.Test|ARM.ActiveCfg = Release|Any CPU
		{A0ABA262-9090-46C1-A283-8A926806587A}.Test|iPhone.ActiveCfg = Release|Any CPU
		{A0ABA262-9090-46C1-A283-8A926806587A}.Test|iPhoneSimulator.ActiveCfg = Release|Any CPU
		{A0ABA262-9090-46C1-A283-8A926806587A}.Test|x86.ActiveCfg = Release|Any CPU
		{1A8768BF-DBFD-43E2-ABAE-ACC4A67FBF58}.Ad-Hoc|Any CPU.ActiveCfg = Release|Any CPU
		{1A8768BF-DBFD-43E2-ABAE-ACC4A67FBF58}.Ad-Hoc|Any CPU.Build.0 = Release|Any CPU
		{1A8768BF-DBFD-43E2-ABAE-ACC4A67FBF58}.Ad-Hoc|ARM.ActiveCfg = Release|Any CPU
		{1A8768BF-DBFD-43E2-ABAE-ACC4A67FBF58}.Ad-Hoc|iPhone.ActiveCfg = Release|Any CPU
		{1A8768BF-DBFD-43E2-ABAE-ACC4A67FBF58}.Ad-Hoc|iPhoneSimulator.ActiveCfg = Release|Any CPU
		{1A8768BF-DBFD-43E2-ABAE-ACC4A67FBF58}.Ad-Hoc|x86.ActiveCfg = Release|Any CPU
		{1A8768BF-DBFD-43E2-ABAE-ACC4A67FBF58}.AppStore|Any CPU.ActiveCfg = Release|Any CPU
		{1A8768BF-DBFD-43E2-ABAE-ACC4A67FBF58}.AppStore|Any CPU.Build.0 = Release|Any CPU
		{1A8768BF-DBFD-43E2-ABAE-ACC4A67FBF58}.AppStore|ARM.ActiveCfg = Release|Any CPU
		{1A8768BF-DBFD-43E2-ABAE-ACC4A67FBF58}.AppStore|iPhone.ActiveCfg = Release|Any CPU
		{1A8768BF-DBFD-43E2-ABAE-ACC4A67FBF58}.AppStore|iPhoneSimulator.ActiveCfg = Release|Any CPU
		{1A8768BF-DBFD-43E2-ABAE-ACC4A67FBF58}.AppStore|x86.ActiveCfg = Release|Any CPU
		{1A8768BF-DBFD-43E2-ABAE-ACC4A67FBF58}.Debug|Any CPU.ActiveCfg = Debug|Any CPU
		{1A8768BF-DBFD-43E2-ABAE-ACC4A67FBF58}.Debug|Any CPU.Build.0 = Debug|Any CPU
		{1A8768BF-DBFD-43E2-ABAE-ACC4A67FBF58}.Debug|ARM.ActiveCfg = Debug|Any CPU
		{1A8768BF-DBFD-43E2-ABAE-ACC4A67FBF58}.Debug|iPhone.ActiveCfg = Debug|Any CPU
		{1A8768BF-DBFD-43E2-ABAE-ACC4A67FBF58}.Debug|iPhoneSimulator.ActiveCfg = Debug|Any CPU
		{1A8768BF-DBFD-43E2-ABAE-ACC4A67FBF58}.Debug|x86.ActiveCfg = Debug|Any CPU
		{1A8768BF-DBFD-43E2-ABAE-ACC4A67FBF58}.Release|Any CPU.ActiveCfg = Release|Any CPU
		{1A8768BF-DBFD-43E2-ABAE-ACC4A67FBF58}.Release|Any CPU.Build.0 = Release|Any CPU
		{1A8768BF-DBFD-43E2-ABAE-ACC4A67FBF58}.Release|ARM.ActiveCfg = Release|Any CPU
		{1A8768BF-DBFD-43E2-ABAE-ACC4A67FBF58}.Release|iPhone.ActiveCfg = Release|Any CPU
		{1A8768BF-DBFD-43E2-ABAE-ACC4A67FBF58}.Release|iPhoneSimulator.ActiveCfg = Release|Any CPU
		{1A8768BF-DBFD-43E2-ABAE-ACC4A67FBF58}.Release|x86.ActiveCfg = Release|Any CPU
		{1A8768BF-DBFD-43E2-ABAE-ACC4A67FBF58}.Test|Any CPU.ActiveCfg = Release|Any CPU
		{1A8768BF-DBFD-43E2-ABAE-ACC4A67FBF58}.Test|Any CPU.Build.0 = Release|Any CPU
		{1A8768BF-DBFD-43E2-ABAE-ACC4A67FBF58}.Test|ARM.ActiveCfg = Release|Any CPU
		{1A8768BF-DBFD-43E2-ABAE-ACC4A67FBF58}.Test|iPhone.ActiveCfg = Release|Any CPU
		{1A8768BF-DBFD-43E2-ABAE-ACC4A67FBF58}.Test|iPhoneSimulator.ActiveCfg = Release|Any CPU
		{1A8768BF-DBFD-43E2-ABAE-ACC4A67FBF58}.Test|x86.ActiveCfg = Release|Any CPU
		{D509AFC6-9EE7-4E8C-AF10-3C7F4C013B35}.Ad-Hoc|Any CPU.ActiveCfg = Release|Any CPU
		{D509AFC6-9EE7-4E8C-AF10-3C7F4C013B35}.Ad-Hoc|Any CPU.Build.0 = Release|Any CPU
		{D509AFC6-9EE7-4E8C-AF10-3C7F4C013B35}.Ad-Hoc|ARM.ActiveCfg = Release|Any CPU
		{D509AFC6-9EE7-4E8C-AF10-3C7F4C013B35}.Ad-Hoc|iPhone.ActiveCfg = Release|Any CPU
		{D509AFC6-9EE7-4E8C-AF10-3C7F4C013B35}.Ad-Hoc|iPhoneSimulator.ActiveCfg = Release|Any CPU
		{D509AFC6-9EE7-4E8C-AF10-3C7F4C013B35}.Ad-Hoc|x86.ActiveCfg = Release|Any CPU
		{D509AFC6-9EE7-4E8C-AF10-3C7F4C013B35}.AppStore|Any CPU.ActiveCfg = Release|Any CPU
		{D509AFC6-9EE7-4E8C-AF10-3C7F4C013B35}.AppStore|Any CPU.Build.0 = Release|Any CPU
		{D509AFC6-9EE7-4E8C-AF10-3C7F4C013B35}.AppStore|ARM.ActiveCfg = Release|Any CPU
		{D509AFC6-9EE7-4E8C-AF10-3C7F4C013B35}.AppStore|iPhone.ActiveCfg = Release|Any CPU
		{D509AFC6-9EE7-4E8C-AF10-3C7F4C013B35}.AppStore|iPhoneSimulator.ActiveCfg = Release|Any CPU
		{D509AFC6-9EE7-4E8C-AF10-3C7F4C013B35}.AppStore|x86.ActiveCfg = Release|Any CPU
		{D509AFC6-9EE7-4E8C-AF10-3C7F4C013B35}.Debug|Any CPU.ActiveCfg = Debug|Any CPU
		{D509AFC6-9EE7-4E8C-AF10-3C7F4C013B35}.Debug|Any CPU.Build.0 = Debug|Any CPU
		{D509AFC6-9EE7-4E8C-AF10-3C7F4C013B35}.Debug|ARM.ActiveCfg = Debug|Any CPU
		{D509AFC6-9EE7-4E8C-AF10-3C7F4C013B35}.Debug|iPhone.ActiveCfg = Debug|Any CPU
		{D509AFC6-9EE7-4E8C-AF10-3C7F4C013B35}.Debug|iPhoneSimulator.ActiveCfg = Debug|Any CPU
		{D509AFC6-9EE7-4E8C-AF10-3C7F4C013B35}.Debug|x86.ActiveCfg = Debug|Any CPU
		{D509AFC6-9EE7-4E8C-AF10-3C7F4C013B35}.Release|Any CPU.ActiveCfg = Release|Any CPU
		{D509AFC6-9EE7-4E8C-AF10-3C7F4C013B35}.Release|Any CPU.Build.0 = Release|Any CPU
		{D509AFC6-9EE7-4E8C-AF10-3C7F4C013B35}.Release|ARM.ActiveCfg = Release|Any CPU
		{D509AFC6-9EE7-4E8C-AF10-3C7F4C013B35}.Release|iPhone.ActiveCfg = Release|Any CPU
		{D509AFC6-9EE7-4E8C-AF10-3C7F4C013B35}.Release|iPhoneSimulator.ActiveCfg = Release|Any CPU
		{D509AFC6-9EE7-4E8C-AF10-3C7F4C013B35}.Release|x86.ActiveCfg = Release|Any CPU
		{D509AFC6-9EE7-4E8C-AF10-3C7F4C013B35}.Test|Any CPU.ActiveCfg = Release|Any CPU
		{D509AFC6-9EE7-4E8C-AF10-3C7F4C013B35}.Test|Any CPU.Build.0 = Release|Any CPU
		{D509AFC6-9EE7-4E8C-AF10-3C7F4C013B35}.Test|ARM.ActiveCfg = Release|Any CPU
		{D509AFC6-9EE7-4E8C-AF10-3C7F4C013B35}.Test|iPhone.ActiveCfg = Release|Any CPU
		{D509AFC6-9EE7-4E8C-AF10-3C7F4C013B35}.Test|iPhoneSimulator.ActiveCfg = Release|Any CPU
		{D509AFC6-9EE7-4E8C-AF10-3C7F4C013B35}.Test|x86.ActiveCfg = Release|Any CPU
		{72B115B4-3EE8-49B5-8171-204DFE034EFE}.Ad-Hoc|Any CPU.ActiveCfg = Release|Any CPU
		{72B115B4-3EE8-49B5-8171-204DFE034EFE}.Ad-Hoc|Any CPU.Build.0 = Release|Any CPU
		{72B115B4-3EE8-49B5-8171-204DFE034EFE}.Ad-Hoc|Any CPU.Deploy.0 = Release|Any CPU
		{72B115B4-3EE8-49B5-8171-204DFE034EFE}.Ad-Hoc|ARM.ActiveCfg = Release|Any CPU
		{72B115B4-3EE8-49B5-8171-204DFE034EFE}.Ad-Hoc|iPhone.ActiveCfg = Release|Any CPU
		{72B115B4-3EE8-49B5-8171-204DFE034EFE}.Ad-Hoc|iPhoneSimulator.ActiveCfg = Release|Any CPU
		{72B115B4-3EE8-49B5-8171-204DFE034EFE}.Ad-Hoc|x86.ActiveCfg = Release|Any CPU
		{72B115B4-3EE8-49B5-8171-204DFE034EFE}.AppStore|Any CPU.ActiveCfg = Release|Any CPU
		{72B115B4-3EE8-49B5-8171-204DFE034EFE}.AppStore|Any CPU.Build.0 = Release|Any CPU
		{72B115B4-3EE8-49B5-8171-204DFE034EFE}.AppStore|Any CPU.Deploy.0 = Release|Any CPU
		{72B115B4-3EE8-49B5-8171-204DFE034EFE}.AppStore|ARM.ActiveCfg = Release|Any CPU
		{72B115B4-3EE8-49B5-8171-204DFE034EFE}.AppStore|iPhone.ActiveCfg = Release|Any CPU
		{72B115B4-3EE8-49B5-8171-204DFE034EFE}.AppStore|iPhoneSimulator.ActiveCfg = Release|Any CPU
		{72B115B4-3EE8-49B5-8171-204DFE034EFE}.AppStore|x86.ActiveCfg = Release|Any CPU
		{72B115B4-3EE8-49B5-8171-204DFE034EFE}.Debug|Any CPU.ActiveCfg = Debug|Any CPU
		{72B115B4-3EE8-49B5-8171-204DFE034EFE}.Debug|Any CPU.Build.0 = Debug|Any CPU
		{72B115B4-3EE8-49B5-8171-204DFE034EFE}.Debug|Any CPU.Deploy.0 = Debug|Any CPU
		{72B115B4-3EE8-49B5-8171-204DFE034EFE}.Debug|ARM.ActiveCfg = Debug|Any CPU
		{72B115B4-3EE8-49B5-8171-204DFE034EFE}.Debug|iPhone.ActiveCfg = Debug|Any CPU
		{72B115B4-3EE8-49B5-8171-204DFE034EFE}.Debug|iPhoneSimulator.ActiveCfg = Debug|Any CPU
		{72B115B4-3EE8-49B5-8171-204DFE034EFE}.Debug|x86.ActiveCfg = Debug|Any CPU
		{72B115B4-3EE8-49B5-8171-204DFE034EFE}.Release|Any CPU.ActiveCfg = Release|Any CPU
		{72B115B4-3EE8-49B5-8171-204DFE034EFE}.Release|Any CPU.Build.0 = Release|Any CPU
		{72B115B4-3EE8-49B5-8171-204DFE034EFE}.Release|Any CPU.Deploy.0 = Release|Any CPU
		{72B115B4-3EE8-49B5-8171-204DFE034EFE}.Release|ARM.ActiveCfg = Release|Any CPU
		{72B115B4-3EE8-49B5-8171-204DFE034EFE}.Release|iPhone.ActiveCfg = Release|Any CPU
		{72B115B4-3EE8-49B5-8171-204DFE034EFE}.Release|iPhoneSimulator.ActiveCfg = Release|Any CPU
		{72B115B4-3EE8-49B5-8171-204DFE034EFE}.Release|x86.ActiveCfg = Release|Any CPU
		{72B115B4-3EE8-49B5-8171-204DFE034EFE}.Test|Any CPU.ActiveCfg = Release|Any CPU
		{72B115B4-3EE8-49B5-8171-204DFE034EFE}.Test|Any CPU.Build.0 = Release|Any CPU
		{72B115B4-3EE8-49B5-8171-204DFE034EFE}.Test|Any CPU.Deploy.0 = Release|Any CPU
		{72B115B4-3EE8-49B5-8171-204DFE034EFE}.Test|ARM.ActiveCfg = Release|Any CPU
		{72B115B4-3EE8-49B5-8171-204DFE034EFE}.Test|iPhone.ActiveCfg = Release|Any CPU
		{72B115B4-3EE8-49B5-8171-204DFE034EFE}.Test|iPhoneSimulator.ActiveCfg = Release|Any CPU
		{72B115B4-3EE8-49B5-8171-204DFE034EFE}.Test|x86.ActiveCfg = Release|Any CPU
		{0A0A4616-9BE1-4F25-9973-67DC25C0A2B4}.Ad-Hoc|Any CPU.ActiveCfg = Release|Any CPU
		{0A0A4616-9BE1-4F25-9973-67DC25C0A2B4}.Ad-Hoc|Any CPU.Build.0 = Release|Any CPU
		{0A0A4616-9BE1-4F25-9973-67DC25C0A2B4}.Ad-Hoc|Any CPU.Deploy.0 = Release|Any CPU
		{0A0A4616-9BE1-4F25-9973-67DC25C0A2B4}.Ad-Hoc|ARM.ActiveCfg = Release|ARM
		{0A0A4616-9BE1-4F25-9973-67DC25C0A2B4}.Ad-Hoc|ARM.Build.0 = Release|ARM
		{0A0A4616-9BE1-4F25-9973-67DC25C0A2B4}.Ad-Hoc|ARM.Deploy.0 = Release|ARM
		{0A0A4616-9BE1-4F25-9973-67DC25C0A2B4}.Ad-Hoc|iPhone.ActiveCfg = Release|Any CPU
		{0A0A4616-9BE1-4F25-9973-67DC25C0A2B4}.Ad-Hoc|iPhoneSimulator.ActiveCfg = Release|Any CPU
		{0A0A4616-9BE1-4F25-9973-67DC25C0A2B4}.Ad-Hoc|x86.ActiveCfg = Release|x86
		{0A0A4616-9BE1-4F25-9973-67DC25C0A2B4}.Ad-Hoc|x86.Build.0 = Release|x86
		{0A0A4616-9BE1-4F25-9973-67DC25C0A2B4}.Ad-Hoc|x86.Deploy.0 = Release|x86
		{0A0A4616-9BE1-4F25-9973-67DC25C0A2B4}.AppStore|Any CPU.ActiveCfg = Release|Any CPU
		{0A0A4616-9BE1-4F25-9973-67DC25C0A2B4}.AppStore|Any CPU.Build.0 = Release|Any CPU
		{0A0A4616-9BE1-4F25-9973-67DC25C0A2B4}.AppStore|Any CPU.Deploy.0 = Release|Any CPU
		{0A0A4616-9BE1-4F25-9973-67DC25C0A2B4}.AppStore|ARM.ActiveCfg = Release|ARM
		{0A0A4616-9BE1-4F25-9973-67DC25C0A2B4}.AppStore|ARM.Build.0 = Release|ARM
		{0A0A4616-9BE1-4F25-9973-67DC25C0A2B4}.AppStore|ARM.Deploy.0 = Release|ARM
		{0A0A4616-9BE1-4F25-9973-67DC25C0A2B4}.AppStore|iPhone.ActiveCfg = Release|Any CPU
		{0A0A4616-9BE1-4F25-9973-67DC25C0A2B4}.AppStore|iPhoneSimulator.ActiveCfg = Release|Any CPU
		{0A0A4616-9BE1-4F25-9973-67DC25C0A2B4}.AppStore|x86.ActiveCfg = Release|x86
		{0A0A4616-9BE1-4F25-9973-67DC25C0A2B4}.AppStore|x86.Build.0 = Release|x86
		{0A0A4616-9BE1-4F25-9973-67DC25C0A2B4}.AppStore|x86.Deploy.0 = Release|x86
		{0A0A4616-9BE1-4F25-9973-67DC25C0A2B4}.Debug|Any CPU.ActiveCfg = Debug|Any CPU
		{0A0A4616-9BE1-4F25-9973-67DC25C0A2B4}.Debug|Any CPU.Build.0 = Debug|Any CPU
		{0A0A4616-9BE1-4F25-9973-67DC25C0A2B4}.Debug|Any CPU.Deploy.0 = Debug|Any CPU
		{0A0A4616-9BE1-4F25-9973-67DC25C0A2B4}.Debug|ARM.ActiveCfg = Debug|ARM
		{0A0A4616-9BE1-4F25-9973-67DC25C0A2B4}.Debug|ARM.Build.0 = Debug|ARM
		{0A0A4616-9BE1-4F25-9973-67DC25C0A2B4}.Debug|ARM.Deploy.0 = Debug|ARM
		{0A0A4616-9BE1-4F25-9973-67DC25C0A2B4}.Debug|iPhone.ActiveCfg = Debug|Any CPU
		{0A0A4616-9BE1-4F25-9973-67DC25C0A2B4}.Debug|iPhoneSimulator.ActiveCfg = Debug|Any CPU
		{0A0A4616-9BE1-4F25-9973-67DC25C0A2B4}.Debug|x86.ActiveCfg = Debug|x86
		{0A0A4616-9BE1-4F25-9973-67DC25C0A2B4}.Debug|x86.Build.0 = Debug|x86
		{0A0A4616-9BE1-4F25-9973-67DC25C0A2B4}.Debug|x86.Deploy.0 = Debug|x86
		{0A0A4616-9BE1-4F25-9973-67DC25C0A2B4}.Release|Any CPU.ActiveCfg = Release|Any CPU
		{0A0A4616-9BE1-4F25-9973-67DC25C0A2B4}.Release|Any CPU.Build.0 = Release|Any CPU
		{0A0A4616-9BE1-4F25-9973-67DC25C0A2B4}.Release|Any CPU.Deploy.0 = Release|Any CPU
		{0A0A4616-9BE1-4F25-9973-67DC25C0A2B4}.Release|ARM.ActiveCfg = Release|ARM
		{0A0A4616-9BE1-4F25-9973-67DC25C0A2B4}.Release|ARM.Build.0 = Release|ARM
		{0A0A4616-9BE1-4F25-9973-67DC25C0A2B4}.Release|ARM.Deploy.0 = Release|ARM
		{0A0A4616-9BE1-4F25-9973-67DC25C0A2B4}.Release|iPhone.ActiveCfg = Release|Any CPU
		{0A0A4616-9BE1-4F25-9973-67DC25C0A2B4}.Release|iPhoneSimulator.ActiveCfg = Release|Any CPU
		{0A0A4616-9BE1-4F25-9973-67DC25C0A2B4}.Release|x86.ActiveCfg = Release|x86
		{0A0A4616-9BE1-4F25-9973-67DC25C0A2B4}.Release|x86.Build.0 = Release|x86
		{0A0A4616-9BE1-4F25-9973-67DC25C0A2B4}.Release|x86.Deploy.0 = Release|x86
		{0A0A4616-9BE1-4F25-9973-67DC25C0A2B4}.Test|Any CPU.ActiveCfg = Release|Any CPU
		{0A0A4616-9BE1-4F25-9973-67DC25C0A2B4}.Test|Any CPU.Build.0 = Release|Any CPU
		{0A0A4616-9BE1-4F25-9973-67DC25C0A2B4}.Test|Any CPU.Deploy.0 = Release|Any CPU
		{0A0A4616-9BE1-4F25-9973-67DC25C0A2B4}.Test|ARM.ActiveCfg = Release|ARM
		{0A0A4616-9BE1-4F25-9973-67DC25C0A2B4}.Test|ARM.Build.0 = Release|ARM
		{0A0A4616-9BE1-4F25-9973-67DC25C0A2B4}.Test|ARM.Deploy.0 = Release|ARM
		{0A0A4616-9BE1-4F25-9973-67DC25C0A2B4}.Test|iPhone.ActiveCfg = Release|Any CPU
		{0A0A4616-9BE1-4F25-9973-67DC25C0A2B4}.Test|iPhoneSimulator.ActiveCfg = Release|Any CPU
		{0A0A4616-9BE1-4F25-9973-67DC25C0A2B4}.Test|x86.ActiveCfg = Release|x86
		{0A0A4616-9BE1-4F25-9973-67DC25C0A2B4}.Test|x86.Build.0 = Release|x86
		{0A0A4616-9BE1-4F25-9973-67DC25C0A2B4}.Test|x86.Deploy.0 = Release|x86
	EndGlobalSection
	GlobalSection(SolutionProperties) = preSolution
		HideSolutionNode = FALSE
	EndGlobalSection
	GlobalSection(NestedProjects) = preSolution
		{9BFC0690-D444-4AC9-86C7-C33BE28F8212} = {822956B7-55A0-4690-BD81-F92FDD638F09}
		{FA4BEF7E-9220-4435-BC8B-F6868AD3E252} = {822956B7-55A0-4690-BD81-F92FDD638F09}
		{C6099ED1-33AF-4F0C-A9AC-01E1092D30D3} = {822956B7-55A0-4690-BD81-F92FDD638F09}
		{046886A3-2182-4BCC-8E7C-1A78A5C856A1} = {822956B7-55A0-4690-BD81-F92FDD638F09}
		{686F9FBC-104F-4586-9850-1415CD573F00} = {31D2EECE-D870-4146-9E0E-3931E5BB9C5B}
		{256F62FA-B91C-41AE-ADF5-A381D0A765FD} = {31D2EECE-D870-4146-9E0E-3931E5BB9C5B}
		{E3045B4B-AD52-4A5A-B068-6A6A8D23CD5C} = {31D2EECE-D870-4146-9E0E-3931E5BB9C5B}
		{FB3E7365-01E2-4F5C-8C21-06399B5A54B3} = {31D2EECE-D870-4146-9E0E-3931E5BB9C5B}
		{1F7075C6-C53B-4D91-9E1F-09C0BE86EB0F} = {31D2EECE-D870-4146-9E0E-3931E5BB9C5B}
		{B3FA38D2-EE74-4EEE-BE94-351A0FF3C057} = {65BE0DB8-C0AF-4C6D-A570-3683ABDD5923}
		{BE0BED22-5CAF-4B11-A3B8-2F9F86A059F4} = {65BE0DB8-C0AF-4C6D-A570-3683ABDD5923}
		{A0ABA262-9090-46C1-A283-8A926806587A} = {65BE0DB8-C0AF-4C6D-A570-3683ABDD5923}
		{0A0A4616-9BE1-4F25-9973-67DC25C0A2B4} = {686F9FBC-104F-4586-9850-1415CD573F00}
		{4E7D3D18-A1E8-4954-9970-6FE1D77002BC} = {87719219-E70E-4BA5-AB26-7A02EC44B457}
		{6715E65C-4D77-40A4-8DC9-943F0B67AFB2} = {87719219-E70E-4BA5-AB26-7A02EC44B457}
		{73044954-668E-4135-8FB0-F536CB9E8746} = {4E7D3D18-A1E8-4954-9970-6FE1D77002BC}
		{04CC4540-1B4A-4F96-A080-C21F16CCAE83} = {4E7D3D18-A1E8-4954-9970-6FE1D77002BC}
		{1A8768BF-DBFD-43E2-ABAE-ACC4A67FBF58} = {4E7D3D18-A1E8-4954-9970-6FE1D77002BC}
		{D509AFC6-9EE7-4E8C-AF10-3C7F4C013B35} = {6715E65C-4D77-40A4-8DC9-943F0B67AFB2}
		{72B115B4-3EE8-49B5-8171-204DFE034EFE} = {FB3E7365-01E2-4F5C-8C21-06399B5A54B3}
	EndGlobalSection
	GlobalSection(MonoDevelopProperties) = preSolution
		StartupItem = Core\Core.MonoDroid.csproj
	EndGlobalSection
EndGlobal
